
Microsoft Visual Studio Solution File, Format Version 12.00
# Visual Studio 2015
Project("{FAE04EC0-301F-11D3-BF4B-00C04F79EFBC}") = "procedural_env.CSharp.Plugins", "procedural_env.CSharp.Plugins.csproj", "{FE4B2D48-51D9-0304-E4D1-D37DACC55A8D}"
EndProject
Project("{FAE04EC0-301F-11D3-BF4B-00C04F79EFBC}") = "procedural_env.CSharp", "procedural_env.CSharp.csproj", "{5A488AE0-C80B-7EFE-AD87-8C73F34E63F6}"
EndProject
Project("{FAE04EC0-301F-11D3-BF4B-00C04F79EFBC}") = "procedural_env.CSharp.Editor.Plugins", "procedural_env.CSharp.Editor.Plugins.csproj", "{EB0090F3-9EBD-E28F-F3BC-69E297934FEE}"
EndProject
Global
	GlobalSection(SolutionConfigurationPlatforms) = preSolution
		Debug|Any CPU = Debug|Any CPU
		Release|Any CPU = Release|Any CPU
	EndGlobalSection
	GlobalSection(ProjectConfigurationPlatforms) = postSolution
		{FE4B2D48-51D9-0304-E4D1-D37DACC55A8D}.Debug|Any CPU.ActiveCfg = Debug|Any CPU
		{FE4B2D48-51D9-0304-E4D1-D37DACC55A8D}.Debug|Any CPU.Build.0 = Debug|Any CPU
		{FE4B2D48-51D9-0304-E4D1-D37DACC55A8D}.Release|Any CPU.ActiveCfg = Release|Any CPU
		{FE4B2D48-51D9-0304-E4D1-D37DACC55A8D}.Release|Any CPU.Build.0 = Release|Any CPU
		{5A488AE0-C80B-7EFE-AD87-8C73F34E63F6}.Debug|Any CPU.ActiveCfg = Debug|Any CPU
		{5A488AE0-C80B-7EFE-AD87-8C73F34E63F6}.Debug|Any CPU.Build.0 = Debug|Any CPU
		{5A488AE0-C80B-7EFE-AD87-8C73F34E63F6}.Release|Any CPU.ActiveCfg = Release|Any CPU
		{5A488AE0-C80B-7EFE-AD87-8C73F34E63F6}.Release|Any CPU.Build.0 = Release|Any CPU
		{EB0090F3-9EBD-E28F-F3BC-69E297934FEE}.Debug|Any CPU.ActiveCfg = Debug|Any CPU
		{EB0090F3-9EBD-E28F-F3BC-69E297934FEE}.Debug|Any CPU.Build.0 = Debug|Any CPU
		{EB0090F3-9EBD-E28F-F3BC-69E297934FEE}.Release|Any CPU.ActiveCfg = Release|Any CPU
		{EB0090F3-9EBD-E28F-F3BC-69E297934FEE}.Release|Any CPU.Build.0 = Release|Any CPU
	EndGlobalSection
	GlobalSection(SolutionProperties) = preSolution
		HideSolutionNode = FALSE
	EndGlobalSection
EndGlobal
